// !$*UTF8*$!
{
	archiveVersion = 1;
	classes = {
	};
	objectVersion = 77;
	objects = {

/* Begin PBXBuildFile section */
		FFB0AB412E7B000100000001 /* CueTimerLiveActivity.appex in Embed App Extensions */ = {isa = PBXBuildFile; fileRef = FFB0AAC12E7B000100000001 /* CueTimerLiveActivity.appex */; platformFilter = ios; };
/* End PBXBuildFile section */

/* Begin PBXContainerItemProxy section */
		FFAF11DD2E6A673F00174D91 /* PBXContainerItemProxy */ = {
			isa = PBXContainerItemProxy;
			containerPortal = FFAF11C72E6A673D00174D91 /* Project object */;
			proxyType = 1;
			remoteGlobalIDString = FFAF11CE2E6A673E00174D91;
			remoteInfo = NanoCue;
		};
		FFAF11E72E6A673F00174D91 /* PBXContainerItemProxy */ = {
			isa = PBXContainerItemProxy;
			containerPortal = FFAF11C72E6A673D00174D91 /* Project object */;
			proxyType = 1;
			remoteGlobalIDString = FFAF11CE2E6A673E00174D91;
			remoteInfo = NanoCue;
		};
		FFB0AB622E7B000100000001 /* PBXContainerItemProxy */ = {
			isa = PBXContainerItemProxy;
			containerPortal = FFAF11C72E6A673D00174D91 /* Project object */;
			proxyType = 1;
			remoteGlobalIDString = FFB0AAB12E7B000100000001;
			remoteInfo = CueTimerLiveActivity;
		};
/* End PBXContainerItemProxy section */

/* Begin PBXCopyFilesBuildPhase section */
		FFB0AB312E7B000100000001 /* Embed App Extensions */ = {
			isa = PBXCopyFilesBuildPhase;
			buildActionMask = 2147483647;
			dstSubfolderSpec = 13;
			files = (
				FFB0AB412E7B000100000001 /* CueTimerLiveActivity.appex in Embed App Extensions */,
			);
			name = "Embed App Extensions";
			runOnlyForDeploymentPostprocessing = 0;
		};
/* End PBXCopyFilesBuildPhase section */

/* Begin PBXFileReference section */
		FFAF11CF2E6A673E00174D91 /* NanoCue.app */ = {isa = PBXFileReference; explicitFileType = wrapper.application; includeInIndex = 0; path = NanoCue.app; sourceTree = BUILT_PRODUCTS_DIR; };
		FFAF11DC2E6A673F00174D91 /* NanoCueTests.xctest */ = {isa = PBXFileReference; explicitFileType = wrapper.cfbundle; includeInIndex = 0; path = NanoCueTests.xctest; sourceTree = BUILT_PRODUCTS_DIR; };
		FFAF11E62E6A673F00174D91 /* NanoCueUITests.xctest */ = {isa = PBXFileReference; explicitFileType = wrapper.cfbundle; includeInIndex = 0; path = NanoCueUITests.xctest; sourceTree = BUILT_PRODUCTS_DIR; };
		FFB0AAC12E7B000100000001 /* CueTimerLiveActivity.appex */ = {isa = PBXFileReference; explicitFileType = "wrapper.app-extension"; includeInIndex = 0; path = CueTimerLiveActivity.appex; sourceTree = BUILT_PRODUCTS_DIR; };
/* End PBXFileReference section */

/* Begin PBXFileSystemSynchronizedBuildFileExceptionSet section */
		FFB0AB522E7B000100000001 /* Exceptions for "NanoCueWidget" folder in "CueTimerLiveActivity" target */ = {
			isa = PBXFileSystemSynchronizedBuildFileExceptionSet;
			membershipExceptions = (
				Info.plist,
			);
			target = FFB0AAB12E7B000100000001 /* CueTimerLiveActivity */;
		};
		FFDE63522E7061A4005A1BBE /* Exceptions for "NanoCue" folder in "NanoCue" target */ = {
			isa = PBXFileSystemSynchronizedBuildFileExceptionSet;
			membershipExceptions = (
				Info.plist,
			);
			target = FFAF11CE2E6A673E00174D91 /* NanoCue */;
		};
		FFDE63B02E760E22005A1BBE /* Exceptions for "NanoCueUITests" folder in "NanoCueUITests" target */ = {
			isa = PBXFileSystemSynchronizedBuildFileExceptionSet;
			membershipExceptions = (
				NanoCueUITests.swift,
				NanoCueUITestsLaunchTests.swift,
			);
			target = FFAF11E52E6A673F00174D91 /* NanoCueUITests */;
		};
		FFDE63B12E760E22005A1BBE /* Exceptions for "NanoCueUITests" folder in "CueTimerLiveActivity" target */ = {
			isa = PBXFileSystemSynchronizedBuildFileExceptionSet;
			membershipExceptions = (
				NanoCueUITests.swift,
				NanoCueUITestsLaunchTests.swift,
			);
			target = FFB0AAB12E7B000100000001 /* CueTimerLiveActivity */;
		};
/* End PBXFileSystemSynchronizedBuildFileExceptionSet section */

/* Begin PBXFileSystemSynchronizedRootGroup section */
		FFAF11D12E6A673E00174D91 /* NanoCue */ = {
			isa = PBXFileSystemSynchronizedRootGroup;
			exceptions = (
				FFDE63522E7061A4005A1BBE /* Exceptions for "NanoCue" folder in "NanoCue" target */,
			);
			path = NanoCue;
			sourceTree = "<group>";
		};
		FFAF11DF2E6A673F00174D91 /* NanoCueTests */ = {
			isa = PBXFileSystemSynchronizedRootGroup;
			path = NanoCueTests;
			sourceTree = "<group>";
		};
		FFB0AAA12E7B000100000001 /* NanoCueWidget */ = {
			isa = PBXFileSystemSynchronizedRootGroup;
			exceptions = (
				FFB0AB522E7B000100000001 /* Exceptions for "NanoCueWidget" folder in "CueTimerLiveActivity" target */,
			);
			path = NanoCueWidget;
			sourceTree = "<group>";
		};
		FFDE63AD2E760E22005A1BBE /* NanoCueUITests */ = {
			isa = PBXFileSystemSynchronizedRootGroup;
			exceptions = (
				FFDE63B12E760E22005A1BBE /* Exceptions for "NanoCueUITests" folder in "CueTimerLiveActivity" target */,
				FFDE63B02E760E22005A1BBE /* Exceptions for "NanoCueUITests" folder in "NanoCueUITests" target */,
			);
			path = NanoCueUITests;
			sourceTree = "<group>";
		};
/* End PBXFileSystemSynchronizedRootGroup section */

/* Begin PBXFrameworksBuildPhase section */
		FFAF11CC2E6A673E00174D91 /* Frameworks */ = {
			isa = PBXFrameworksBuildPhase;
			buildActionMask = 2147483647;
			files = (
			);
			runOnlyForDeploymentPostprocessing = 0;
		};
		FFAF11D92E6A673F00174D91 /* Frameworks */ = {
			isa = PBXFrameworksBuildPhase;
			buildActionMask = 2147483647;
			files = (
			);
			runOnlyForDeploymentPostprocessing = 0;
		};
		FFAF11E32E6A673F00174D91 /* Frameworks */ = {
			isa = PBXFrameworksBuildPhase;
			buildActionMask = 2147483647;
			files = (
			);
			runOnlyForDeploymentPostprocessing = 0;
		};
		FFB0AAE12E7B000100000001 /* Frameworks */ = {
			isa = PBXFrameworksBuildPhase;
			buildActionMask = 2147483647;
			files = (
			);
			runOnlyForDeploymentPostprocessing = 0;
		};
/* End PBXFrameworksBuildPhase section */

/* Begin PBXGroup section */
		FFAF11C62E6A673D00174D91 = {
			isa = PBXGroup;
			children = (
				FFAF11D12E6A673E00174D91 /* NanoCue */,
				FFB0AAA12E7B000100000001 /* NanoCueWidget */,
				FFAF11DF2E6A673F00174D91 /* NanoCueTests */,
				FFDE63AD2E760E22005A1BBE /* NanoCueUITests */,
				FFAF11D02E6A673E00174D91 /* Products */,
			);
			sourceTree = "<group>";
		};
		FFAF11D02E6A673E00174D91 /* Products */ = {
			isa = PBXGroup;
			children = (
				FFAF11CF2E6A673E00174D91 /* NanoCue.app */,
				FFAF11DC2E6A673F00174D91 /* NanoCueTests.xctest */,
				FFAF11E62E6A673F00174D91 /* NanoCueUITests.xctest */,
				FFB0AAC12E7B000100000001 /* CueTimerLiveActivity.appex */,
			);
			name = Products;
			sourceTree = "<group>";
		};
/* End PBXGroup section */

/* Begin PBXNativeTarget section */
		FFAF11CE2E6A673E00174D91 /* NanoCue */ = {
			isa = PBXNativeTarget;
			buildConfigurationList = FFAF11F02E6A673F00174D91 /* Build configuration list for PBXNativeTarget "NanoCue" */;
			buildPhases = (
				FFAF11CB2E6A673E00174D91 /* Sources */,
				FFAF11CC2E6A673E00174D91 /* Frameworks */,
				FFAF11CD2E6A673E00174D91 /* Resources */,
				FFB0AB312E7B000100000001 /* Embed App Extensions */,
			);
			buildRules = (
			);
			dependencies = (
			);
			fileSystemSynchronizedGroups = (
				FFAF11D12E6A673E00174D91 /* NanoCue */,
			);
			name = NanoCue;
			packageProductDependencies = (
			);
			productName = NanoCue;
			productReference = FFAF11CF2E6A673E00174D91 /* NanoCue.app */;
			productType = "com.apple.product-type.application";
		};
		FFAF11DB2E6A673F00174D91 /* NanoCueTests */ = {
			isa = PBXNativeTarget;
			buildConfigurationList = FFAF11F32E6A673F00174D91 /* Build configuration list for PBXNativeTarget "NanoCueTests" */;
			buildPhases = (
				FFAF11D82E6A673F00174D91 /* Sources */,
				FFAF11D92E6A673F00174D91 /* Frameworks */,
				FFAF11DA2E6A673F00174D91 /* Resources */,
			);
			buildRules = (
			);
			dependencies = (
				FFAF11DE2E6A673F00174D91 /* PBXTargetDependency */,
			);
			fileSystemSynchronizedGroups = (
				FFAF11DF2E6A673F00174D91 /* NanoCueTests */,
			);
			name = NanoCueTests;
			packageProductDependencies = (
			);
			productName = NanoCueTests;
			productReference = FFAF11DC2E6A673F00174D91 /* NanoCueTests.xctest */;
			productType = "com.apple.product-type.bundle.unit-test";
		};
		FFAF11E52E6A673F00174D91 /* NanoCueUITests */ = {
			isa = PBXNativeTarget;
			buildConfigurationList = FFAF11F62E6A673F00174D91 /* Build configuration list for PBXNativeTarget "NanoCueUITests" */;
			buildPhases = (
				FFAF11E22E6A673F00174D91 /* Sources */,
				FFAF11E32E6A673F00174D91 /* Frameworks */,
				FFAF11E42E6A673F00174D91 /* Resources */,
			);
			buildRules = (
			);
			dependencies = (
				FFAF11E82E6A673F00174D91 /* PBXTargetDependency */,
			);
			name = NanoCueUITests;
			packageProductDependencies = (
			);
			productName = NanoCueUITests;
			productReference = FFAF11E62E6A673F00174D91 /* NanoCueUITests.xctest */;
			productType = "com.apple.product-type.bundle.ui-testing";
		};
		FFB0AAB12E7B000100000001 /* CueTimerLiveActivity */ = {
			isa = PBXNativeTarget;
			buildConfigurationList = FFB0AB012E7B000100000001 /* Build configuration list for PBXNativeTarget "CueTimerLiveActivity" */;
			buildPhases = (
				FFB0AAD12E7B000100000001 /* Sources */,
				FFB0AAE12E7B000100000001 /* Frameworks */,
				FFB0AAF12E7B000100000001 /* Resources */,
			);
			buildRules = (
			);
			dependencies = (
				FFB0AB632E7B000100000001 /* PBXTargetDependency */,
			);
			fileSystemSynchronizedGroups = (
				FFB0AAA12E7B000100000001 /* NanoCueWidget */,
				FFDE63AD2E760E22005A1BBE /* NanoCueUITests */,
			);
			name = CueTimerLiveActivity;
			productName = CueTimerLiveActivity;
			productReference = FFB0AAC12E7B000100000001 /* CueTimerLiveActivity.appex */;
			productType = "com.apple.product-type.app-extension";
		};
/* End PBXNativeTarget section */

/* Begin PBXProject section */
		FFAF11C72E6A673D00174D91 /* Project object */ = {
			isa = PBXProject;
			attributes = {
				BuildIndependentTargetsInParallel = 1;
				LastSwiftUpdateCheck = 2600;
				LastUpgradeCheck = 2600;
				TargetAttributes = {
					FFAF11CE2E6A673E00174D91 = {
						CreatedOnToolsVersion = 26.0;
					};
					FFAF11DB2E6A673F00174D91 = {
						CreatedOnToolsVersion = 26.0;
						TestTargetID = FFAF11CE2E6A673E00174D91;
					};
					FFAF11E52E6A673F00174D91 = {
						CreatedOnToolsVersion = 26.0;
						TestTargetID = FFAF11CE2E6A673E00174D91;
					};
					FFB0AAB12E7B000100000001 = {
						CreatedOnToolsVersion = 26.0;
					};
				};
			};
			buildConfigurationList = FFAF11CA2E6A673D00174D91 /* Build configuration list for PBXProject "NanoCue" */;
			developmentRegion = en;
			hasScannedForEncodings = 0;
			knownRegions = (
				en,
				Base,
			);
			mainGroup = FFAF11C62E6A673D00174D91;
			minimizedProjectReferenceProxies = 1;
			preferredProjectObjectVersion = 77;
			productRefGroup = FFAF11D02E6A673E00174D91 /* Products */;
			projectDirPath = "";
			projectRoot = "";
			targets = (
				FFAF11CE2E6A673E00174D91 /* NanoCue */,
				FFB0AAB12E7B000100000001 /* CueTimerLiveActivity */,
				FFAF11DB2E6A673F00174D91 /* NanoCueTests */,
				FFAF11E52E6A673F00174D91 /* NanoCueUITests */,
			);
		};
/* End PBXProject section */

/* Begin PBXResourcesBuildPhase section */
		FFAF11CD2E6A673E00174D91 /* Resources */ = {
			isa = PBXResourcesBuildPhase;
			buildActionMask = 2147483647;
			files = (
			);
			runOnlyForDeploymentPostprocessing = 0;
		};
		FFAF11DA2E6A673F00174D91 /* Resources */ = {
			isa = PBXResourcesBuildPhase;
			buildActionMask = 2147483647;
			files = (
			);
			runOnlyForDeploymentPostprocessing = 0;
		};
		FFAF11E42E6A673F00174D91 /* Resources */ = {
			isa = PBXResourcesBuildPhase;
			buildActionMask = 2147483647;
			files = (
			);
			runOnlyForDeploymentPostprocessing = 0;
		};
		FFB0AAF12E7B000100000001 /* Resources */ = {
			isa = PBXResourcesBuildPhase;
			buildActionMask = 2147483647;
			files = (
			);
			runOnlyForDeploymentPostprocessing = 0;
		};
/* End PBXResourcesBuildPhase section */

/* Begin PBXSourcesBuildPhase section */
		FFAF11CB2E6A673E00174D91 /* Sources */ = {
			isa = PBXSourcesBuildPhase;
			buildActionMask = 2147483647;
			files = (
			);
			runOnlyForDeploymentPostprocessing = 0;
		};
		FFAF11D82E6A673F00174D91 /* Sources */ = {
			isa = PBXSourcesBuildPhase;
			buildActionMask = 2147483647;
			files = (
			);
			runOnlyForDeploymentPostprocessing = 0;
		};
		FFAF11E22E6A673F00174D91 /* Sources */ = {
			isa = PBXSourcesBuildPhase;
			buildActionMask = 2147483647;
			files = (
			);
			runOnlyForDeploymentPostprocessing = 0;
		};
		FFB0AAD12E7B000100000001 /* Sources */ = {
			isa = PBXSourcesBuildPhase;
			buildActionMask = 2147483647;
			files = (
			);
			runOnlyForDeploymentPostprocessing = 0;
		};
/* End PBXSourcesBuildPhase section */

/* Begin PBXTargetDependency section */
		FFAF11DE2E6A673F00174D91 /* PBXTargetDependency */ = {
			isa = PBXTargetDependency;
			target = FFAF11CE2E6A673E00174D91 /* NanoCue */;
			targetProxy = FFAF11DD2E6A673F00174D91 /* PBXContainerItemProxy */;
		};
		FFAF11E82E6A673F00174D91 /* PBXTargetDependency */ = {
			isa = PBXTargetDependency;
			target = FFAF11CE2E6A673E00174D91 /* NanoCue */;
			targetProxy = FFAF11E72E6A673F00174D91 /* PBXContainerItemProxy */;
		};
		FFB0AB632E7B000100000001 /* PBXTargetDependency */ = {
			isa = PBXTargetDependency;
			target = FFB0AAB12E7B000100000001 /* CueTimerLiveActivity */;
			targetProxy = FFB0AB622E7B000100000001 /* PBXContainerItemProxy */;
		};
/* End PBXTargetDependency section */

/* Begin XCBuildConfiguration section */
		FFAF11EE2E6A673F00174D91 /* Debug */ = {
			isa = XCBuildConfiguration;
			buildSettings = {
				ALWAYS_SEARCH_USER_PATHS = NO;
				ASSETCATALOG_COMPILER_GENERATE_SWIFT_ASSET_SYMBOL_EXTENSIONS = YES;
				CLANG_ANALYZER_NONNULL = YES;
				CLANG_ANALYZER_NUMBER_OBJECT_CONVERSION = YES_AGGRESSIVE;
				CLANG_CXX_LANGUAGE_STANDARD = "gnu++20";
				CLANG_ENABLE_MODULES = YES;
				CLANG_ENABLE_OBJC_ARC = YES;
				CLANG_ENABLE_OBJC_WEAK = YES;
				CLANG_WARN_BLOCK_CAPTURE_AUTORELEASING = YES;
				CLANG_WARN_BOOL_CONVERSION = YES;
				CLANG_WARN_COMMA = YES;
				CLANG_WARN_CONSTANT_CONVERSION = YES;
				CLANG_WARN_DEPRECATED_OBJC_IMPLEMENTATIONS = YES;
				CLANG_WARN_DIRECT_OBJC_ISA_USAGE = YES_ERROR;
				CLANG_WARN_DOCUMENTATION_COMMENTS = YES;
				CLANG_WARN_EMPTY_BODY = YES;
				CLANG_WARN_ENUM_CONVERSION = YES;
				CLANG_WARN_INFINITE_RECURSION = YES;
				CLANG_WARN_INT_CONVERSION = YES;
				CLANG_WARN_NON_LITERAL_NULL_CONVERSION = YES;
				CLANG_WARN_OBJC_IMPLICIT_RETAIN_SELF = YES;
				CLANG_WARN_OBJC_LITERAL_CONVERSION = YES;
				CLANG_WARN_OBJC_ROOT_CLASS = YES_ERROR;
				CLANG_WARN_QUOTED_INCLUDE_IN_FRAMEWORK_HEADER = YES;
				CLANG_WARN_RANGE_LOOP_ANALYSIS = YES;
				CLANG_WARN_STRICT_PROTOTYPES = YES;
				CLANG_WARN_SUSPICIOUS_MOVE = YES;
				CLANG_WARN_UNGUARDED_AVAILABILITY = YES_AGGRESSIVE;
				CLANG_WARN_UNREACHABLE_CODE = YES;
				CLANG_WARN__DUPLICATE_METHOD_MATCH = YES;
				COPY_PHASE_STRIP = NO;
				DEBUG_INFORMATION_FORMAT = dwarf;
				DEVELOPMENT_TEAM = PZH8SHAZDS;
				ENABLE_STRICT_OBJC_MSGSEND = YES;
				ENABLE_TESTABILITY = YES;
				ENABLE_USER_SCRIPT_SANDBOXING = YES;
				GCC_C_LANGUAGE_STANDARD = gnu17;
				GCC_DYNAMIC_NO_PIC = NO;
				GCC_NO_COMMON_BLOCKS = YES;
				GCC_OPTIMIZATION_LEVEL = 0;
				GCC_PREPROCESSOR_DEFINITIONS = (
					"DEBUG=1",
					"$(inherited)",
				);
				GCC_WARN_64_TO_32_BIT_CONVERSION = YES;
				GCC_WARN_ABOUT_RETURN_TYPE = YES_ERROR;
				GCC_WARN_UNDECLARED_SELECTOR = YES;
				GCC_WARN_UNINITIALIZED_AUTOS = YES_AGGRESSIVE;
				GCC_WARN_UNUSED_FUNCTION = YES;
				GCC_WARN_UNUSED_VARIABLE = YES;
				LOCALIZATION_PREFERS_STRING_CATALOGS = YES;
				MTL_ENABLE_DEBUG_INFO = INCLUDE_SOURCE;
				MTL_FAST_MATH = YES;
				ONLY_ACTIVE_ARCH = YES;
				SWIFT_ACTIVE_COMPILATION_CONDITIONS = "DEBUG $(inherited)";
				SWIFT_OPTIMIZATION_LEVEL = "-Onone";
			};
			name = Debug;
		};
		FFAF11EF2E6A673F00174D91 /* Release */ = {
			isa = XCBuildConfiguration;
			buildSettings = {
				ALWAYS_SEARCH_USER_PATHS = NO;
				ASSETCATALOG_COMPILER_GENERATE_SWIFT_ASSET_SYMBOL_EXTENSIONS = YES;
				CLANG_ANALYZER_NONNULL = YES;
				CLANG_ANALYZER_NUMBER_OBJECT_CONVERSION = YES_AGGRESSIVE;
				CLANG_CXX_LANGUAGE_STANDARD = "gnu++20";
				CLANG_ENABLE_MODULES = YES;
				CLANG_ENABLE_OBJC_ARC = YES;
				CLANG_ENABLE_OBJC_WEAK = YES;
				CLANG_WARN_BLOCK_CAPTURE_AUTORELEASING = YES;
				CLANG_WARN_BOOL_CONVERSION = YES;
				CLANG_WARN_COMMA = YES;
				CLANG_WARN_CONSTANT_CONVERSION = YES;
				CLANG_WARN_DEPRECATED_OBJC_IMPLEMENTATIONS = YES;
				CLANG_WARN_DIRECT_OBJC_ISA_USAGE = YES_ERROR;
				CLANG_WARN_DOCUMENTATION_COMMENTS = YES;
				CLANG_WARN_EMPTY_BODY = YES;
				CLANG_WARN_ENUM_CONVERSION = YES;
				CLANG_WARN_INFINITE_RECURSION = YES;
				CLANG_WARN_INT_CONVERSION = YES;
				CLANG_WARN_NON_LITERAL_NULL_CONVERSION = YES;
				CLANG_WARN_OBJC_IMPLICIT_RETAIN_SELF = YES;
				CLANG_WARN_OBJC_LITERAL_CONVERSION = YES;
				CLANG_WARN_OBJC_ROOT_CLASS = YES_ERROR;
				CLANG_WARN_QUOTED_INCLUDE_IN_FRAMEWORK_HEADER = YES;
				CLANG_WARN_RANGE_LOOP_ANALYSIS = YES;
				CLANG_WARN_STRICT_PROTOTYPES = YES;
				CLANG_WARN_SUSPICIOUS_MOVE = YES;
				CLANG_WARN_UNGUARDED_AVAILABILITY = YES_AGGRESSIVE;
				CLANG_WARN_UNREACHABLE_CODE = YES;
				CLANG_WARN__DUPLICATE_METHOD_MATCH = YES;
				COPY_PHASE_STRIP = NO;
				DEBUG_INFORMATION_FORMAT = "dwarf-with-dsym";
				DEVELOPMENT_TEAM = PZH8SHAZDS;
				ENABLE_NS_ASSERTIONS = NO;
				ENABLE_STRICT_OBJC_MSGSEND = YES;
				ENABLE_USER_SCRIPT_SANDBOXING = YES;
				GCC_C_LANGUAGE_STANDARD = gnu17;
				GCC_NO_COMMON_BLOCKS = YES;
				GCC_WARN_64_TO_32_BIT_CONVERSION = YES;
				GCC_WARN_ABOUT_RETURN_TYPE = YES_ERROR;
				GCC_WARN_UNDECLARED_SELECTOR = YES;
				GCC_WARN_UNINITIALIZED_AUTOS = YES_AGGRESSIVE;
				GCC_WARN_UNUSED_FUNCTION = YES;
				GCC_WARN_UNUSED_VARIABLE = YES;
				LOCALIZATION_PREFERS_STRING_CATALOGS = YES;
				MTL_ENABLE_DEBUG_INFO = NO;
				MTL_FAST_MATH = YES;
				SWIFT_COMPILATION_MODE = wholemodule;
			};
			name = Release;
		};
		FFAF11F12E6A673F00174D91 /* Debug */ = {
			isa = XCBuildConfiguration;
			buildSettings = {
				ASSETCATALOG_COMPILER_APPICON_NAME = AppIcon;
				ASSETCATALOG_COMPILER_GLOBAL_ACCENT_COLOR_NAME = AccentColor;
				CODE_SIGN_IDENTITY = "Apple Development";
				CODE_SIGN_STYLE = Automatic;
				CURRENT_PROJECT_VERSION = 1;
				DEVELOPMENT_TEAM = 5C4SR67484;
				ENABLE_APP_SANDBOX = YES;
				ENABLE_HARDENED_RUNTIME = YES;
				ENABLE_PREVIEWS = YES;
				ENABLE_USER_SELECTED_FILES = readonly;
				GENERATE_INFOPLIST_FILE = YES;
				INFOPLIST_FILE = NanoCue/Info.plist;
				INFOPLIST_KEY_LSApplicationCategoryType = "public.app-category.healthcare-fitness";
				"INFOPLIST_KEY_UIApplicationSceneManifest_Generation[sdk=iphoneos*]" = YES;
				"INFOPLIST_KEY_UIApplicationSceneManifest_Generation[sdk=iphonesimulator*]" = YES;
				"INFOPLIST_KEY_UIApplicationSupportsIndirectInputEvents[sdk=iphoneos*]" = YES;
				"INFOPLIST_KEY_UIApplicationSupportsIndirectInputEvents[sdk=iphonesimulator*]" = YES;
				"INFOPLIST_KEY_UILaunchScreen_Generation[sdk=iphoneos*]" = YES;
				"INFOPLIST_KEY_UILaunchScreen_Generation[sdk=iphonesimulator*]" = YES;
				"INFOPLIST_KEY_UIStatusBarStyle[sdk=iphoneos*]" = UIStatusBarStyleDefault;
				"INFOPLIST_KEY_UIStatusBarStyle[sdk=iphonesimulator*]" = UIStatusBarStyleDefault;
				INFOPLIST_KEY_UISupportedInterfaceOrientations_iPad = "UIInterfaceOrientationPortrait UIInterfaceOrientationPortraitUpsideDown UIInterfaceOrientationLandscapeLeft UIInterfaceOrientationLandscapeRight";
				INFOPLIST_KEY_UISupportedInterfaceOrientations_iPhone = "UIInterfaceOrientationPortrait UIInterfaceOrientationLandscapeLeft UIInterfaceOrientationLandscapeRight";
				IPHONEOS_DEPLOYMENT_TARGET = 26.0;
				LD_RUNPATH_SEARCH_PATHS = "@executable_path/Frameworks";
				"LD_RUNPATH_SEARCH_PATHS[sdk=macosx*]" = "@executable_path/../Frameworks";
				MACOSX_DEPLOYMENT_TARGET = 26.0;
				MARKETING_VERSION = 1.0;
				PRODUCT_BUNDLE_IDENTIFIER = dev.konst.NanoCue2;
				PRODUCT_NAME = "$(TARGET_NAME)";
				PROVISIONING_PROFILE_SPECIFIER = "";
				REGISTER_APP_GROUPS = YES;
				SDKROOT = auto;
				STRING_CATALOG_GENERATE_SYMBOLS = YES;
				SUPPORTED_PLATFORMS = "iphoneos iphonesimulator macosx xros xrsimulator";
				SWIFT_APPROACHABLE_CONCURRENCY = YES;
				SWIFT_DEFAULT_ACTOR_ISOLATION = MainActor;
				SWIFT_EMIT_LOC_STRINGS = YES;
				SWIFT_UPCOMING_FEATURE_MEMBER_IMPORT_VISIBILITY = YES;
				SWIFT_VERSION = 6.0;
				TARGETED_DEVICE_FAMILY = "1,2,7";
				XROS_DEPLOYMENT_TARGET = 26.0;
			};
			name = Debug;
		};
		FFAF11F22E6A673F00174D91 /* Release */ = {
			isa = XCBuildConfiguration;
			buildSettings = {
				ASSETCATALOG_COMPILER_APPICON_NAME = AppIcon;
				ASSETCATALOG_COMPILER_GLOBAL_ACCENT_COLOR_NAME = AccentColor;
				CODE_SIGN_IDENTITY = "Apple Development";
				CODE_SIGN_STYLE = Automatic;
				CURRENT_PROJECT_VERSION = 1;
				DEVELOPMENT_TEAM = 5C4SR67484;
				ENABLE_APP_SANDBOX = YES;
				ENABLE_HARDENED_RUNTIME = YES;
				ENABLE_PREVIEWS = YES;
				ENABLE_USER_SELECTED_FILES = readonly;
				GENERATE_INFOPLIST_FILE = YES;
				INFOPLIST_FILE = NanoCue/Info.plist;
				INFOPLIST_KEY_LSApplicationCategoryType = "public.app-category.healthcare-fitness";
				"INFOPLIST_KEY_UIApplicationSceneManifest_Generation[sdk=iphoneos*]" = YES;
				"INFOPLIST_KEY_UIApplicationSceneManifest_Generation[sdk=iphonesimulator*]" = YES;
				"INFOPLIST_KEY_UIApplicationSupportsIndirectInputEvents[sdk=iphoneos*]" = YES;
				"INFOPLIST_KEY_UIApplicationSupportsIndirectInputEvents[sdk=iphonesimulator*]" = YES;
				"INFOPLIST_KEY_UILaunchScreen_Generation[sdk=iphoneos*]" = YES;
				"INFOPLIST_KEY_UILaunchScreen_Generation[sdk=iphonesimulator*]" = YES;
				"INFOPLIST_KEY_UIStatusBarStyle[sdk=iphoneos*]" = UIStatusBarStyleDefault;
				"INFOPLIST_KEY_UIStatusBarStyle[sdk=iphonesimulator*]" = UIStatusBarStyleDefault;
				INFOPLIST_KEY_UISupportedInterfaceOrientations_iPad = "UIInterfaceOrientationPortrait UIInterfaceOrientationPortraitUpsideDown UIInterfaceOrientationLandscapeLeft UIInterfaceOrientationLandscapeRight";
				INFOPLIST_KEY_UISupportedInterfaceOrientations_iPhone = "UIInterfaceOrientationPortrait UIInterfaceOrientationLandscapeLeft UIInterfaceOrientationLandscapeRight";
				IPHONEOS_DEPLOYMENT_TARGET = 26.0;
				LD_RUNPATH_SEARCH_PATHS = "@executable_path/Frameworks";
				"LD_RUNPATH_SEARCH_PATHS[sdk=macosx*]" = "@executable_path/../Frameworks";
				MACOSX_DEPLOYMENT_TARGET = 26.0;
				MARKETING_VERSION = 1.0;
				PRODUCT_BUNDLE_IDENTIFIER = dev.konst.NanoCue2;
				PRODUCT_NAME = "$(TARGET_NAME)";
				PROVISIONING_PROFILE_SPECIFIER = "";
				REGISTER_APP_GROUPS = YES;
				SDKROOT = auto;
				STRING_CATALOG_GENERATE_SYMBOLS = YES;
				SUPPORTED_PLATFORMS = "iphoneos iphonesimulator macosx xros xrsimulator";
				SWIFT_APPROACHABLE_CONCURRENCY = YES;
				SWIFT_DEFAULT_ACTOR_ISOLATION = MainActor;
				SWIFT_EMIT_LOC_STRINGS = YES;
				SWIFT_UPCOMING_FEATURE_MEMBER_IMPORT_VISIBILITY = YES;
				SWIFT_VERSION = 6.0;
				TARGETED_DEVICE_FAMILY = "1,2,7";
				XROS_DEPLOYMENT_TARGET = 26.0;
			};
			name = Release;
		};
		FFAF11F42E6A673F00174D91 /* Debug */ = {
			isa = XCBuildConfiguration;
			buildSettings = {
				BUNDLE_LOADER = "$(TEST_HOST)";
				CODE_SIGN_STYLE = Automatic;
				CURRENT_PROJECT_VERSION = 1;
				DEVELOPMENT_TEAM = PZH8SHAZDS;
				GENERATE_INFOPLIST_FILE = YES;
				IPHONEOS_DEPLOYMENT_TARGET = 26.0;
				MACOSX_DEPLOYMENT_TARGET = 26.0;
				MARKETING_VERSION = 1.0;
				PRODUCT_BUNDLE_IDENTIFIER = dev.konst.NanoCueTests;
				PRODUCT_NAME = "$(TARGET_NAME)";
				SDKROOT = auto;
				STRING_CATALOG_GENERATE_SYMBOLS = NO;
				SUPPORTED_PLATFORMS = "iphoneos iphonesimulator macosx xros xrsimulator";
				SWIFT_APPROACHABLE_CONCURRENCY = YES;
				SWIFT_EMIT_LOC_STRINGS = NO;
				SWIFT_UPCOMING_FEATURE_MEMBER_IMPORT_VISIBILITY = YES;
				SWIFT_VERSION = 6.0;
				TARGETED_DEVICE_FAMILY = "1,2,7";
				TEST_HOST = "$(BUILT_PRODUCTS_DIR)/NanoCue.app/$(BUNDLE_EXECUTABLE_FOLDER_PATH)/NanoCue";
				XROS_DEPLOYMENT_TARGET = 26.0;
			};
			name = Debug;
		};
		FFAF11F52E6A673F00174D91 /* Release */ = {
			isa = XCBuildConfiguration;
			buildSettings = {
				BUNDLE_LOADER = "$(TEST_HOST)";
				CODE_SIGN_STYLE = Automatic;
				CURRENT_PROJECT_VERSION = 1;
				DEVELOPMENT_TEAM = PZH8SHAZDS;
				GENERATE_INFOPLIST_FILE = YES;
				IPHONEOS_DEPLOYMENT_TARGET = 26.0;
				MACOSX_DEPLOYMENT_TARGET = 26.0;
				MARKETING_VERSION = 1.0;
				PRODUCT_BUNDLE_IDENTIFIER = dev.konst.NanoCueTests;
				PRODUCT_NAME = "$(TARGET_NAME)";
				SDKROOT = auto;
				STRING_CATALOG_GENERATE_SYMBOLS = NO;
				SUPPORTED_PLATFORMS = "iphoneos iphonesimulator macosx xros xrsimulator";
				SWIFT_APPROACHABLE_CONCURRENCY = YES;
				SWIFT_EMIT_LOC_STRINGS = NO;
				SWIFT_UPCOMING_FEATURE_MEMBER_IMPORT_VISIBILITY = YES;
				SWIFT_VERSION = 6.0;
				TARGETED_DEVICE_FAMILY = "1,2,7";
				TEST_HOST = "$(BUILT_PRODUCTS_DIR)/NanoCue.app/$(BUNDLE_EXECUTABLE_FOLDER_PATH)/NanoCue";
				XROS_DEPLOYMENT_TARGET = 26.0;
			};
			name = Release;
		};
		FFAF11F72E6A673F00174D91 /* Debug */ = {
			isa = XCBuildConfiguration;
			buildSettings = {
				CODE_SIGN_STYLE = Automatic;
				CURRENT_PROJECT_VERSION = 1;
				DEVELOPMENT_TEAM = PZH8SHAZDS;
				GENERATE_INFOPLIST_FILE = YES;
				IPHONEOS_DEPLOYMENT_TARGET = 26.0;
				MACOSX_DEPLOYMENT_TARGET = 26.0;
				MARKETING_VERSION = 1.0;
				PRODUCT_BUNDLE_IDENTIFIER = dev.konst.NanoCueUITests;
				PRODUCT_NAME = "$(TARGET_NAME)";
				SDKROOT = auto;
				STRING_CATALOG_GENERATE_SYMBOLS = NO;
				SUPPORTED_PLATFORMS = "iphoneos iphonesimulator macosx xros xrsimulator";
				SWIFT_APPROACHABLE_CONCURRENCY = YES;
				SWIFT_EMIT_LOC_STRINGS = NO;
				SWIFT_UPCOMING_FEATURE_MEMBER_IMPORT_VISIBILITY = YES;
				SWIFT_VERSION = 6.0;
				TARGETED_DEVICE_FAMILY = "1,2,7";
				TEST_TARGET_NAME = NanoCue;
				XROS_DEPLOYMENT_TARGET = 26.0;
			};
			name = Debug;
		};
		FFAF11F82E6A673F00174D91 /* Release */ = {
			isa = XCBuildConfiguration;
			buildSettings = {
				CODE_SIGN_STYLE = Automatic;
				CURRENT_PROJECT_VERSION = 1;
				DEVELOPMENT_TEAM = PZH8SHAZDS;
				GENERATE_INFOPLIST_FILE = YES;
				IPHONEOS_DEPLOYMENT_TARGET = 26.0;
				MACOSX_DEPLOYMENT_TARGET = 26.0;
				MARKETING_VERSION = 1.0;
				PRODUCT_BUNDLE_IDENTIFIER = dev.konst.NanoCueUITests;
				PRODUCT_NAME = "$(TARGET_NAME)";
				SDKROOT = auto;
				STRING_CATALOG_GENERATE_SYMBOLS = NO;
				SUPPORTED_PLATFORMS = "iphoneos iphonesimulator macosx xros xrsimulator";
				SWIFT_APPROACHABLE_CONCURRENCY = YES;
				SWIFT_EMIT_LOC_STRINGS = NO;
				SWIFT_UPCOMING_FEATURE_MEMBER_IMPORT_VISIBILITY = YES;
				SWIFT_VERSION = 6.0;
				TARGETED_DEVICE_FAMILY = "1,2,7";
				TEST_TARGET_NAME = NanoCue;
				XROS_DEPLOYMENT_TARGET = 26.0;
			};
			name = Release;
		};
		FFB0AB112E7B000100000001 /* Debug */ = {
			isa = XCBuildConfiguration;
			buildSettings = {
				CODE_SIGN_STYLE = Automatic;
				CURRENT_PROJECT_VERSION = 1;
				DEVELOPMENT_TEAM = 5C4SR67484;
				INFOPLIST_FILE = NanoCueWidget/Info.plist;
				IPHONEOS_DEPLOYMENT_TARGET = 26.0;
				MARKETING_VERSION = 1.0;
				PRODUCT_BUNDLE_IDENTIFIER = dev.konst.NanoCue2.CueTimerLiveActivity;
				PRODUCT_NAME = "$(TARGET_NAME)";
				SDKROOT = auto;
				SKIP_INSTALL = YES;
				SUPPORTED_PLATFORMS = "iphoneos iphonesimulator";
				SWIFT_VERSION = 6.0;
				TARGETED_DEVICE_FAMILY = "1,2";
			};
			name = Debug;
		};
		FFB0AB212E7B000100000001 /* Release */ = {
			isa = XCBuildConfiguration;
			buildSettings = {
				CODE_SIGN_STYLE = Automatic;
				CURRENT_PROJECT_VERSION = 1;
				DEVELOPMENT_TEAM = 5C4SR67484;
				INFOPLIST_FILE = NanoCueWidget/Info.plist;
				IPHONEOS_DEPLOYMENT_TARGET = 26.0;
				MARKETING_VERSION = 1.0;
				PRODUCT_BUNDLE_IDENTIFIER = dev.konst.NanoCue2.CueTimerLiveActivity;
				PRODUCT_NAME = "$(TARGET_NAME)";
				SDKROOT = auto;
				SKIP_INSTALL = YES;
				SUPPORTED_PLATFORMS = "iphoneos iphonesimulator";
				SWIFT_VERSION = 6.0;
				TARGETED_DEVICE_FAMILY = "1,2";
			};
			name = Release;
		};
/* End XCBuildConfiguration section */

/* Begin XCConfigurationList section */
		FFAF11CA2E6A673D00174D91 /* Build configuration list for PBXProject "NanoCue" */ = {
			isa = XCConfigurationList;
			buildConfigurations = (
				FFAF11EE2E6A673F00174D91 /* Debug */,
				FFAF11EF2E6A673F00174D91 /* Release */,
			);
			defaultConfigurationIsVisible = 0;
			defaultConfigurationName = Release;
		};
		FFAF11F02E6A673F00174D91 /* Build configuration list for PBXNativeTarget "NanoCue" */ = {
			isa = XCConfigurationList;
			buildConfigurations = (
				FFAF11F12E6A673F00174D91 /* Debug */,
				FFAF11F22E6A673F00174D91 /* Release */,
			);
			defaultConfigurationIsVisible = 0;
			defaultConfigurationName = Release;
		};
		FFAF11F32E6A673F00174D91 /* Build configuration list for PBXNativeTarget "NanoCueTests" */ = {
			isa = XCConfigurationList;
			buildConfigurations = (
				FFAF11F42E6A673F00174D91 /* Debug */,
				FFAF11F52E6A673F00174D91 /* Release */,
			);
			defaultConfigurationIsVisible = 0;
			defaultConfigurationName = Release;
		};
		FFAF11F62E6A673F00174D91 /* Build configuration list for PBXNativeTarget "NanoCueUITests" */ = {
			isa = XCConfigurationList;
			buildConfigurations = (
				FFAF11F72E6A673F00174D91 /* Debug */,
				FFAF11F82E6A673F00174D91 /* Release */,
			);
			defaultConfigurationIsVisible = 0;
			defaultConfigurationName = Release;
		};
		FFB0AB012E7B000100000001 /* Build configuration list for PBXNativeTarget "CueTimerLiveActivity" */ = {
			isa = XCConfigurationList;
			buildConfigurations = (
				FFB0AB112E7B000100000001 /* Debug */,
				FFB0AB212E7B000100000001 /* Release */,
			);
			defaultConfigurationIsVisible = 0;
			defaultConfigurationName = Release;
		};
/* End XCConfigurationList section */
	};
	rootObject = FFAF11C72E6A673D00174D91 /* Project object */;
}
